
Microsoft Visual Studio Solution File, Format Version 12.00
# Visual Studio Version 17
VisualStudioVersion = 17.3.32929.385
MinimumVisualStudioVersion = 10.0.40219.1
Project("{FAE04EC0-301F-11D3-BF4B-00C04F79EFBC}") = "CS311_FinalProject_AAD", "CS311_FinalProject_AAD.csproj", "{448C2580-AE8E-4582-9B7E-BFDD0A58C62F}"
EndProject
Global
	GlobalSection(SolutionConfigurationPlatforms) = preSolution
		Debug|Any CPU = Debug|Any CPU
		Release|Any CPU = Release|Any CPU
	EndGlobalSection
	GlobalSection(ProjectConfigurationPlatforms) = postSolution
		{448C2580-AE8E-4582-9B7E-BFDD0A58C62F}.Debug|Any CPU.ActiveCfg = Debug|Any CPU
		{448C2580-AE8E-4582-9B7E-BFDD0A58C62F}.Debug|Any CPU.Build.0 = Debug|Any CPU
		{448C2580-AE8E-4582-9B7E-BFDD0A58C62F}.Release|Any CPU.ActiveCfg = Release|Any CPU
		{448C2580-AE8E-4582-9B7E-BFDD0A58C62F}.Release|Any CPU.Build.0 = Release|Any CPU
	EndGlobalSection
	GlobalSection(SolutionProperties) = preSolution
		HideSolutionNode = FALSE
	EndGlobalSection
	GlobalSection(ExtensibilityGlobals) = postSolution
		SolutionGuid = {2FAB37FC-81D0-4F6E-84DA-39F535F61AC1}
	EndGlobalSection
EndGlobal
